
Microsoft Visual Studio Solution File, Format Version 12.00
# Visual Studio Version 16
VisualStudioVersion = 16.0.30128.74
MinimumVisualStudioVersion = 15.0.26124.0
Project("{9A19103F-16F7-4668-BE54-9A1E7A4F7556}") = "AwaitDemo", "AwaitDemo\AwaitDemo.csproj", "{E6D9F593-1EFD-4137-BF5D-DF2823140051}"
EndProject
Project("{FAE04EC0-301F-11D3-BF4B-00C04F79EFBC}") = "WindowsFormsAsync", "WindowsFormsAsync\WindowsFormsAsync.csproj", "{F089A9F4-C652-46F2-AABD-E2539EAB1BEA}"
EndProject
Project("{2150E333-8FDC-42A3-9474-1A3956D46DE8}") = "Solution Items", "Solution Items", "{38501F5C-5A63-4BD7-AEFB-969A53AC9624}"
	ProjectSection(SolutionItems) = preProject
		README.md = README.md
	EndProjectSection
EndProject
Project("{FAE04EC0-301F-11D3-BF4B-00C04F79EFBC}") = "MyWeb", "MyWeb\MyWeb.csproj", "{C6D7F6F5-C215-452A-B8CA-93616E280E34}"
EndProject
Global
	GlobalSection(SolutionConfigurationPlatforms) = preSolution
		Debug|Any CPU = Debug|Any CPU
		Debug|x64 = Debug|x64
		Debug|x86 = Debug|x86
		Release|Any CPU = Release|Any CPU
		Release|x64 = Release|x64
		Release|x86 = Release|x86
	EndGlobalSection
	GlobalSection(ProjectConfigurationPlatforms) = postSolution
		{E6D9F593-1EFD-4137-BF5D-DF2823140051}.Debug|Any CPU.ActiveCfg = Debug|Any CPU
		{E6D9F593-1EFD-4137-BF5D-DF2823140051}.Debug|Any CPU.Build.0 = Debug|Any CPU
		{E6D9F593-1EFD-4137-BF5D-DF2823140051}.Debug|x64.ActiveCfg = Debug|Any CPU
		{E6D9F593-1EFD-4137-BF5D-DF2823140051}.Debug|x64.Build.0 = Debug|Any CPU
		{E6D9F593-1EFD-4137-BF5D-DF2823140051}.Debug|x86.ActiveCfg = Debug|Any CPU
		{E6D9F593-1EFD-4137-BF5D-DF2823140051}.Debug|x86.Build.0 = Debug|Any CPU
		{E6D9F593-1EFD-4137-BF5D-DF2823140051}.Release|Any CPU.ActiveCfg = Release|Any CPU
		{E6D9F593-1EFD-4137-BF5D-DF2823140051}.Release|Any CPU.Build.0 = Release|Any CPU
		{E6D9F593-1EFD-4137-BF5D-DF2823140051}.Release|x64.ActiveCfg = Release|Any CPU
		{E6D9F593-1EFD-4137-BF5D-DF2823140051}.Release|x64.Build.0 = Release|Any CPU
		{E6D9F593-1EFD-4137-BF5D-DF2823140051}.Release|x86.ActiveCfg = Release|Any CPU
		{E6D9F593-1EFD-4137-BF5D-DF2823140051}.Release|x86.Build.0 = Release|Any CPU
		{F089A9F4-C652-46F2-AABD-E2539EAB1BEA}.Debug|Any CPU.ActiveCfg = Debug|Any CPU
		{F089A9F4-C652-46F2-AABD-E2539EAB1BEA}.Debug|Any CPU.Build.0 = Debug|Any CPU
		{F089A9F4-C652-46F2-AABD-E2539EAB1BEA}.Debug|x64.ActiveCfg = Debug|Any CPU
		{F089A9F4-C652-46F2-AABD-E2539EAB1BEA}.Debug|x64.Build.0 = Debug|Any CPU
		{F089A9F4-C652-46F2-AABD-E2539EAB1BEA}.Debug|x86.ActiveCfg = Debug|Any CPU
		{F089A9F4-C652-46F2-AABD-E2539EAB1BEA}.Debug|x86.Build.0 = Debug|Any CPU
		{F089A9F4-C652-46F2-AABD-E2539EAB1BEA}.Release|Any CPU.ActiveCfg = Release|Any CPU
		{F089A9F4-C652-46F2-AABD-E2539EAB1BEA}.Release|Any CPU.Build.0 = Release|Any CPU
		{F089A9F4-C652-46F2-AABD-E2539EAB1BEA}.Release|x64.ActiveCfg = Release|Any CPU
		{F089A9F4-C652-46F2-AABD-E2539EAB1BEA}.Release|x64.Build.0 = Release|Any CPU
		{F089A9F4-C652-46F2-AABD-E2539EAB1BEA}.Release|x86.ActiveCfg = Release|Any CPU
		{F089A9F4-C652-46F2-AABD-E2539EAB1BEA}.Release|x86.Build.0 = Release|Any CPU
		{C6D7F6F5-C215-452A-B8CA-93616E280E34}.Debug|Any CPU.ActiveCfg = Debug|Any CPU
		{C6D7F6F5-C215-452A-B8CA-93616E280E34}.Debug|Any CPU.Build.0 = Debug|Any CPU
		{C6D7F6F5-C215-452A-B8CA-93616E280E34}.Debug|x64.ActiveCfg = Debug|Any CPU
		{C6D7F6F5-C215-452A-B8CA-93616E280E34}.Debug|x64.Build.0 = Debug|Any CPU
		{C6D7F6F5-C215-452A-B8CA-93616E280E34}.Debug|x86.ActiveCfg = Debug|Any CPU
		{C6D7F6F5-C215-452A-B8CA-93616E280E34}.Debug|x86.Build.0 = Debug|Any CPU
		{C6D7F6F5-C215-452A-B8CA-93616E280E34}.Release|Any CPU.ActiveCfg = Release|Any CPU
		{C6D7F6F5-C215-452A-B8CA-93616E280E34}.Release|Any CPU.Build.0 = Release|Any CPU
		{C6D7F6F5-C215-452A-B8CA-93616E280E34}.Release|x64.ActiveCfg = Release|Any CPU
		{C6D7F6F5-C215-452A-B8CA-93616E280E34}.Release|x64.Build.0 = Release|Any CPU
		{C6D7F6F5-C215-452A-B8CA-93616E280E34}.Release|x86.ActiveCfg = Release|Any CPU
		{C6D7F6F5-C215-452A-B8CA-93616E280E34}.Release|x86.Build.0 = Release|Any CPU
	EndGlobalSection
	GlobalSection(SolutionProperties) = preSolution
		HideSolutionNode = FALSE
	EndGlobalSection
	GlobalSection(ExtensibilityGlobals) = postSolution
		SolutionGuid = {0E84F145-3D45-4274-9298-43D0064B6CDB}
	EndGlobalSection
EndGlobal
